// !$*UTF8*$!
{
	archiveVersion = 1;
	classes = {
	};
	objectVersion = 56;
	objects = {

/* Begin PBXBuildFile section */
		AF000B592C3DCB4500DF495A /* MazeMotionApp.swift in Sources */ = {isa = PBXBuildFile; fileRef = AF000B582C3DCB4500DF495A /* MazeMotionApp.swift */; };
		AF000B5B2C3DCB4500DF495A /* MazeMotionView.swift in Sources */ = {isa = PBXBuildFile; fileRef = AF000B5A2C3DCB4500DF495A /* MazeMotionView.swift */; };
		AF000B5D2C3DCB4600DF495A /* Assets.xcassets in Resources */ = {isa = PBXBuildFile; fileRef = AF000B5C2C3DCB4600DF495A /* Assets.xcassets */; };
		AF000B602C3DCB4600DF495A /* Preview Assets.xcassets in Resources */ = {isa = PBXBuildFile; fileRef = AF000B5F2C3DCB4600DF495A /* Preview Assets.xcassets */; };
		AF000B672C3DCB5600DF495A /* MotionManager.swift in Sources */ = {isa = PBXBuildFile; fileRef = AF000B662C3DCB5600DF495A /* MotionManager.swift */; };
		AF000B692C3DCC8000DF495A /* MazeView.swift in Sources */ = {isa = PBXBuildFile; fileRef = AF000B682C3DCC8000DF495A /* MazeView.swift */; };
		AF3FB1732C3DF29400115207 /* MazeModel.swift in Sources */ = {isa = PBXBuildFile; fileRef = AF3FB1722C3DF29400115207 /* MazeModel.swift */; };
		AF94FBC22C4051A3004E6A66 /* CheckMarkAnimation.swift in Sources */ = {isa = PBXBuildFile; fileRef = AF94FBC12C4051A3004E6A66 /* CheckMarkAnimation.swift */; };
		AFC8FB252C6E544E0055464B /* MazeMatrix.swift in Sources */ = {isa = PBXBuildFile; fileRef = AFC8FB242C6E544E0055464B /* MazeMatrix.swift */; };
		AFC8FB282C6EA7560055464B /* NewLevelAnimation.swift in Sources */ = {isa = PBXBuildFile; fileRef = AFC8FB272C6EA7560055464B /* NewLevelAnimation.swift */; };
		AFC8FB2E2C6EA9AC0055464B /* MazeMotionViewModel.swift in Sources */ = {isa = PBXBuildFile; fileRef = AFC8FB2D2C6EA9AC0055464B /* MazeMotionViewModel.swift */; };
/* End PBXBuildFile section */

/* Begin PBXFileReference section */
		AF000B552C3DCB4500DF495A /* MazeMotion.app */ = {isa = PBXFileReference; explicitFileType = wrapper.application; includeInIndex = 0; path = MazeMotion.app; sourceTree = BUILT_PRODUCTS_DIR; };
		AF000B582C3DCB4500DF495A /* MazeMotionApp.swift */ = {isa = PBXFileReference; lastKnownFileType = sourcecode.swift; path = MazeMotionApp.swift; sourceTree = "<group>"; };
		AF000B5A2C3DCB4500DF495A /* MazeMotionView.swift */ = {isa = PBXFileReference; lastKnownFileType = sourcecode.swift; path = MazeMotionView.swift; sourceTree = "<group>"; };
		AF000B5C2C3DCB4600DF495A /* Assets.xcassets */ = {isa = PBXFileReference; lastKnownFileType = folder.assetcatalog; path = Assets.xcassets; sourceTree = "<group>"; };
		AF000B5F2C3DCB4600DF495A /* Preview Assets.xcassets */ = {isa = PBXFileReference; lastKnownFileType = folder.assetcatalog; path = "Preview Assets.xcassets"; sourceTree = "<group>"; };
		AF000B662C3DCB5600DF495A /* MotionManager.swift */ = {isa = PBXFileReference; lastKnownFileType = sourcecode.swift; path = MotionManager.swift; sourceTree = "<group>"; };
		AF000B682C3DCC8000DF495A /* MazeView.swift */ = {isa = PBXFileReference; lastKnownFileType = sourcecode.swift; path = MazeView.swift; sourceTree = "<group>"; };
		AF3FB1722C3DF29400115207 /* MazeModel.swift */ = {isa = PBXFileReference; lastKnownFileType = sourcecode.swift; path = MazeModel.swift; sourceTree = "<group>"; };
		AF94FBC12C4051A3004E6A66 /* CheckMarkAnimation.swift */ = {isa = PBXFileReference; lastKnownFileType = sourcecode.swift; path = CheckMarkAnimation.swift; sourceTree = "<group>"; };
		AFC8FB242C6E544E0055464B /* MazeMatrix.swift */ = {isa = PBXFileReference; lastKnownFileType = sourcecode.swift; path = MazeMatrix.swift; sourceTree = "<group>"; };
		AFC8FB272C6EA7560055464B /* NewLevelAnimation.swift */ = {isa = PBXFileReference; lastKnownFileType = sourcecode.swift; path = NewLevelAnimation.swift; sourceTree = "<group>"; };
		AFC8FB2D2C6EA9AC0055464B /* MazeMotionViewModel.swift */ = {isa = PBXFileReference; lastKnownFileType = sourcecode.swift; path = MazeMotionViewModel.swift; sourceTree = "<group>"; };
/* End PBXFileReference section */

/* Begin PBXFrameworksBuildPhase section */
		AF000B522C3DCB4500DF495A /* Frameworks */ = {
			isa = PBXFrameworksBuildPhase;
			buildActionMask = 2147483647;
			files = (
			);
			runOnlyForDeploymentPostprocessing = 0;
		};
/* End PBXFrameworksBuildPhase section */

/* Begin PBXGroup section */
		AF000B4C2C3DCB4500DF495A = {
			isa = PBXGroup;
			children = (
				AF000B572C3DCB4500DF495A /* MazeMotion */,
				AF000B562C3DCB4500DF495A /* Products */,
			);
			sourceTree = "<group>";
		};
		AF000B562C3DCB4500DF495A /* Products */ = {
			isa = PBXGroup;
			children = (
				AF000B552C3DCB4500DF495A /* MazeMotion.app */,
			);
			name = Products;
			sourceTree = "<group>";
		};
		AF000B572C3DCB4500DF495A /* MazeMotion */ = {
			isa = PBXGroup;
			children = (
				AFC8FB2B2C6EA9670055464B /* Utils */,
				AFC8FB2A2C6EA91F0055464B /* ViewModel */,
				AFC8FB292C6EA8EF0055464B /* View */,
				AFC8FB262C6EA7430055464B /* Animations */,
				AFC8FB232C6E54350055464B /* Model */,
				AF000B582C3DCB4500DF495A /* MazeMotionApp.swift */,
				AF000B5C2C3DCB4600DF495A /* Assets.xcassets */,
				AF000B5E2C3DCB4600DF495A /* Preview Content */,
			);
			path = MazeMotion;
			sourceTree = "<group>";
		};
		AF000B5E2C3DCB4600DF495A /* Preview Content */ = {
			isa = PBXGroup;
			children = (
				AF000B5F2C3DCB4600DF495A /* Preview Assets.xcassets */,
			);
			path = "Preview Content";
			sourceTree = "<group>";
		};
		AFC8FB232C6E54350055464B /* Model */ = {
			isa = PBXGroup;
			children = (
				AFC8FB242C6E544E0055464B /* MazeMatrix.swift */,
				AF3FB1722C3DF29400115207 /* MazeModel.swift */,
			);
			path = Model;
			sourceTree = "<group>";
		};
		AFC8FB262C6EA7430055464B /* Animations */ = {
			isa = PBXGroup;
			children = (
				AF94FBC12C4051A3004E6A66 /* CheckMarkAnimation.swift */,
				AFC8FB272C6EA7560055464B /* NewLevelAnimation.swift */,
			);
			path = Animations;
			sourceTree = "<group>";
		};
		AFC8FB292C6EA8EF0055464B /* View */ = {
			isa = PBXGroup;
			children = (
				AF000B5A2C3DCB4500DF495A /* MazeMotionView.swift */,
				AF000B682C3DCC8000DF495A /* MazeView.swift */,
			);
			path = View;
			sourceTree = "<group>";
		};
		AFC8FB2A2C6EA91F0055464B /* ViewModel */ = {
			isa = PBXGroup;
			children = (
				AFC8FB2D2C6EA9AC0055464B /* MazeMotionViewModel.swift */,
			);
			path = ViewModel;
			sourceTree = "<group>";
		};
		AFC8FB2B2C6EA9670055464B /* Utils */ = {
			isa = PBXGroup;
			children = (
				AF000B662C3DCB5600DF495A /* MotionManager.swift */,
			);
			path = Utils;
			sourceTree = "<group>";
		};
/* End PBXGroup section */

/* Begin PBXNativeTarget section */
		AF000B542C3DCB4500DF495A /* MazeMotion */ = {
			isa = PBXNativeTarget;
			buildConfigurationList = AF000B632C3DCB4600DF495A /* Build configuration list for PBXNativeTarget "MazeMotion" */;
			buildPhases = (
				AF000B512C3DCB4500DF495A /* Sources */,
				AF000B522C3DCB4500DF495A /* Frameworks */,
				AF000B532C3DCB4500DF495A /* Resources */,
			);
			buildRules = (
			);
			dependencies = (
			);
			name = MazeMotion;
			productName = MazeMotion;
			productReference = AF000B552C3DCB4500DF495A /* MazeMotion.app */;
			productType = "com.apple.product-type.application";
		};
/* End PBXNativeTarget section */

/* Begin PBXProject section */
		AF000B4D2C3DCB4500DF495A /* Project object */ = {
			isa = PBXProject;
			attributes = {
				BuildIndependentTargetsInParallel = 1;
				LastSwiftUpdateCheck = 1540;
				LastUpgradeCheck = 1540;
				TargetAttributes = {
					AF000B542C3DCB4500DF495A = {
						CreatedOnToolsVersion = 15.4;
					};
				};
			};
			buildConfigurationList = AF000B502C3DCB4500DF495A /* Build configuration list for PBXProject "MazeMotion" */;
			compatibilityVersion = "Xcode 14.0";
			developmentRegion = en;
			hasScannedForEncodings = 0;
			knownRegions = (
				en,
				Base,
			);
			mainGroup = AF000B4C2C3DCB4500DF495A;
			productRefGroup = AF000B562C3DCB4500DF495A /* Products */;
			projectDirPath = "";
			projectRoot = "";
			targets = (
				AF000B542C3DCB4500DF495A /* MazeMotion */,
			);
		};
/* End PBXProject section */

/* Begin PBXResourcesBuildPhase section */
		AF000B532C3DCB4500DF495A /* Resources */ = {
			isa = PBXResourcesBuildPhase;
			buildActionMask = 2147483647;
			files = (
				AF000B602C3DCB4600DF495A /* Preview Assets.xcassets in Resources */,
				AF000B5D2C3DCB4600DF495A /* Assets.xcassets in Resources */,
			);
			runOnlyForDeploymentPostprocessing = 0;
		};
/* End PBXResourcesBuildPhase section */

/* Begin PBXSourcesBuildPhase section */
		AF000B512C3DCB4500DF495A /* Sources */ = {
			isa = PBXSourcesBuildPhase;
			buildActionMask = 2147483647;
			files = (
				AF3FB1732C3DF29400115207 /* MazeModel.swift in Sources */,
				AF000B5B2C3DCB4500DF495A /* MazeMotionView.swift in Sources */,
				AFC8FB252C6E544E0055464B /* MazeMatrix.swift in Sources */,
				AFC8FB2E2C6EA9AC0055464B /* MazeMotionViewModel.swift in Sources */,
				AF000B692C3DCC8000DF495A /* MazeView.swift in Sources */,
				AFC8FB282C6EA7560055464B /* NewLevelAnimation.swift in Sources */,
				AF000B672C3DCB5600DF495A /* MotionManager.swift in Sources */,
				AF94FBC22C4051A3004E6A66 /* CheckMarkAnimation.swift in Sources */,
				AF000B592C3DCB4500DF495A /* MazeMotionApp.swift in Sources */,
			);
			runOnlyForDeploymentPostprocessing = 0;
		};
/* End PBXSourcesBuildPhase section */

/* Begin XCBuildConfiguration section */
		AF000B612C3DCB4600DF495A /* Debug */ = {
			isa = XCBuildConfiguration;
			buildSettings = {
				ALWAYS_SEARCH_USER_PATHS = NO;
				ASSETCATALOG_COMPILER_GENERATE_SWIFT_ASSET_SYMBOL_EXTENSIONS = YES;
				CLANG_ANALYZER_NONNULL = YES;
				CLANG_ANALYZER_NUMBER_OBJECT_CONVERSION = YES_AGGRESSIVE;
				CLANG_CXX_LANGUAGE_STANDARD = "gnu++20";
				CLANG_ENABLE_MODULES = YES;
				CLANG_ENABLE_OBJC_ARC = YES;
				CLANG_ENABLE_OBJC_WEAK = YES;
				CLANG_WARN_BLOCK_CAPTURE_AUTORELEASING = YES;
				CLANG_WARN_BOOL_CONVERSION = YES;
				CLANG_WARN_COMMA = YES;
				CLANG_WARN_CONSTANT_CONVERSION = YES;
				CLANG_WARN_DEPRECATED_OBJC_IMPLEMENTATIONS = YES;
				CLANG_WARN_DIRECT_OBJC_ISA_USAGE = YES_ERROR;
				CLANG_WARN_DOCUMENTATION_COMMENTS = YES;
				CLANG_WARN_EMPTY_BODY = YES;
				CLANG_WARN_ENUM_CONVERSION = YES;
				CLANG_WARN_INFINITE_RECURSION = YES;
				CLANG_WARN_INT_CONVERSION = YES;
				CLANG_WARN_NON_LITERAL_NULL_CONVERSION = YES;
				CLANG_WARN_OBJC_IMPLICIT_RETAIN_SELF = YES;
				CLANG_WARN_OBJC_LITERAL_CONVERSION = YES;
				CLANG_WARN_OBJC_ROOT_CLASS = YES_ERROR;
				CLANG_WARN_QUOTED_INCLUDE_IN_FRAMEWORK_HEADER = YES;
				CLANG_WARN_RANGE_LOOP_ANALYSIS = YES;
				CLANG_WARN_STRICT_PROTOTYPES = YES;
				CLANG_WARN_SUSPICIOUS_MOVE = YES;
				CLANG_WARN_UNGUARDED_AVAILABILITY = YES_AGGRESSIVE;
				CLANG_WARN_UNREACHABLE_CODE = YES;
				CLANG_WARN__DUPLICATE_METHOD_MATCH = YES;
				COPY_PHASE_STRIP = NO;
				DEBUG_INFORMATION_FORMAT = dwarf;
				ENABLE_STRICT_OBJC_MSGSEND = YES;
				ENABLE_TESTABILITY = YES;
				ENABLE_USER_SCRIPT_SANDBOXING = YES;
				GCC_C_LANGUAGE_STANDARD = gnu17;
				GCC_DYNAMIC_NO_PIC = NO;
				GCC_NO_COMMON_BLOCKS = YES;
				GCC_OPTIMIZATION_LEVEL = 0;
				GCC_PREPROCESSOR_DEFINITIONS = (
					"DEBUG=1",
					"$(inherited)",
				);
				GCC_WARN_64_TO_32_BIT_CONVERSION = YES;
				GCC_WARN_ABOUT_RETURN_TYPE = YES_ERROR;
				GCC_WARN_UNDECLARED_SELECTOR = YES;
				GCC_WARN_UNINITIALIZED_AUTOS = YES_AGGRESSIVE;
				GCC_WARN_UNUSED_FUNCTION = YES;
				GCC_WARN_UNUSED_VARIABLE = YES;
				IPHONEOS_DEPLOYMENT_TARGET = 16.5;
				LOCALIZATION_PREFERS_STRING_CATALOGS = YES;
				MTL_ENABLE_DEBUG_INFO = INCLUDE_SOURCE;
				MTL_FAST_MATH = YES;
				ONLY_ACTIVE_ARCH = YES;
				SDKROOT = iphoneos;
				SWIFT_ACTIVE_COMPILATION_CONDITIONS = "DEBUG $(inherited)";
				SWIFT_OPTIMIZATION_LEVEL = "-Onone";
			};
			name = Debug;
		};
		AF000B622C3DCB4600DF495A /* Release */ = {
			isa = XCBuildConfiguration;
			buildSettings = {
				ALWAYS_SEARCH_USER_PATHS = NO;
				ASSETCATALOG_COMPILER_GENERATE_SWIFT_ASSET_SYMBOL_EXTENSIONS = YES;
				CLANG_ANALYZER_NONNULL = YES;
				CLANG_ANALYZER_NUMBER_OBJECT_CONVERSION = YES_AGGRESSIVE;
				CLANG_CXX_LANGUAGE_STANDARD = "gnu++20";
				CLANG_ENABLE_MODULES = YES;
				CLANG_ENABLE_OBJC_ARC = YES;
				CLANG_ENABLE_OBJC_WEAK = YES;
				CLANG_WARN_BLOCK_CAPTURE_AUTORELEASING = YES;
				CLANG_WARN_BOOL_CONVERSION = YES;
				CLANG_WARN_COMMA = YES;
				CLANG_WARN_CONSTANT_CONVERSION = YES;
				CLANG_WARN_DEPRECATED_OBJC_IMPLEMENTATIONS = YES;
				CLANG_WARN_DIRECT_OBJC_ISA_USAGE = YES_ERROR;
				CLANG_WARN_DOCUMENTATION_COMMENTS = YES;
				CLANG_WARN_EMPTY_BODY = YES;
				CLANG_WARN_ENUM_CONVERSION = YES;
				CLANG_WARN_INFINITE_RECURSION = YES;
				CLANG_WARN_INT_CONVERSION = YES;
				CLANG_WARN_NON_LITERAL_NULL_CONVERSION = YES;
				CLANG_WARN_OBJC_IMPLICIT_RETAIN_SELF = YES;
				CLANG_WARN_OBJC_LITERAL_CONVERSION = YES;
				CLANG_WARN_OBJC_ROOT_CLASS = YES_ERROR;
				CLANG_WARN_QUOTED_INCLUDE_IN_FRAMEWORK_HEADER = YES;
				CLANG_WARN_RANGE_LOOP_ANALYSIS = YES;
				CLANG_WARN_STRICT_PROTOTYPES = YES;
				CLANG_WARN_SUSPICIOUS_MOVE = YES;
				CLANG_WARN_UNGUARDED_AVAILABILITY = YES_AGGRESSIVE;
				CLANG_WARN_UNREACHABLE_CODE = YES;
				CLANG_WARN__DUPLICATE_METHOD_MATCH = YES;
				COPY_PHASE_STRIP = NO;
				DEBUG_INFORMATION_FORMAT = "dwarf-with-dsym";
				ENABLE_NS_ASSERTIONS = NO;
				ENABLE_STRICT_OBJC_MSGSEND = YES;
				ENABLE_USER_SCRIPT_SANDBOXING = YES;
				GCC_C_LANGUAGE_STANDARD = gnu17;
				GCC_NO_COMMON_BLOCKS = YES;
				GCC_WARN_64_TO_32_BIT_CONVERSION = YES;
				GCC_WARN_ABOUT_RETURN_TYPE = YES_ERROR;
				GCC_WARN_UNDECLARED_SELECTOR = YES;
				GCC_WARN_UNINITIALIZED_AUTOS = YES_AGGRESSIVE;
				GCC_WARN_UNUSED_FUNCTION = YES;
				GCC_WARN_UNUSED_VARIABLE = YES;
				IPHONEOS_DEPLOYMENT_TARGET = 16.5;
				LOCALIZATION_PREFERS_STRING_CATALOGS = YES;
				MTL_ENABLE_DEBUG_INFO = NO;
				MTL_FAST_MATH = YES;
				SDKROOT = iphoneos;
				SWIFT_COMPILATION_MODE = wholemodule;
				VALIDATE_PRODUCT = YES;
			};
			name = Release;
		};
		AF000B642C3DCB4600DF495A /* Debug */ = {
			isa = XCBuildConfiguration;
			buildSettings = {
				ASSETCATALOG_COMPILER_APPICON_NAME = AppIcon;
				ASSETCATALOG_COMPILER_GLOBAL_ACCENT_COLOR_NAME = AccentColor;
				CODE_SIGN_STYLE = Automatic;
				CURRENT_PROJECT_VERSION = 1;
				DEVELOPMENT_ASSET_PATHS = "\"MazeMotion/Preview Content\"";
				DEVELOPMENT_TEAM = T373QFGJQA;
				ENABLE_PREVIEWS = YES;
				GENERATE_INFOPLIST_FILE = YES;
				INFOPLIST_KEY_UIApplicationSceneManifest_Generation = YES;
				INFOPLIST_KEY_UIApplicationSupportsIndirectInputEvents = YES;
				INFOPLIST_KEY_UILaunchScreen_Generation = YES;
				INFOPLIST_KEY_UISupportedInterfaceOrientations = UIInterfaceOrientationPortrait;
				INFOPLIST_KEY_UISupportedInterfaceOrientations_iPad = "UIInterfaceOrientationLandscapeLeft UIInterfaceOrientationLandscapeRight UIInterfaceOrientationPortrait UIInterfaceOrientationPortraitUpsideDown";
				INFOPLIST_KEY_UIUserInterfaceStyle = Light;
				LD_RUNPATH_SEARCH_PATHS = (
					"$(inherited)",
					"@executable_path/Frameworks",
				);
				MARKETING_VERSION = 1.0;
				PRODUCT_BUNDLE_IDENTIFIER = barbosa.gomes.lidiane.MazeMotion;
				PRODUCT_NAME = "$(TARGET_NAME)";
				SWIFT_EMIT_LOC_STRINGS = YES;
				SWIFT_VERSION = 5.0;
				TARGETED_DEVICE_FAMILY = "1,2";
			};
			name = Debug;
		};
		AF000B652C3DCB4600DF495A /* Release */ = {
			isa = XCBuildConfiguration;
			buildSettings = {
				ASSETCATALOG_COMPILER_APPICON_NAME = AppIcon;
				ASSETCATALOG_COMPILER_GLOBAL_ACCENT_COLOR_NAME = AccentColor;
				CODE_SIGN_STYLE = Automatic;
				CURRENT_PROJECT_VERSION = 1;
				DEVELOPMENT_ASSET_PATHS = "\"MazeMotion/Preview Content\"";
				DEVELOPMENT_TEAM = T373QFGJQA;
				ENABLE_PREVIEWS = YES;
				GENERATE_INFOPLIST_FILE = YES;
				INFOPLIST_KEY_UIApplicationSceneManifest_Generation = YES;
				INFOPLIST_KEY_UIApplicationSupportsIndirectInputEvents = YES;
				INFOPLIST_KEY_UILaunchScreen_Generation = YES;
				INFOPLIST_KEY_UISupportedInterfaceOrientations = UIInterfaceOrientationPortrait;
				INFOPLIST_KEY_UISupportedInterfaceOrientations_iPad = "UIInterfaceOrientationLandscapeLeft UIInterfaceOrientationLandscapeRight UIInterfaceOrientationPortrait UIInterfaceOrientationPortraitUpsideDown";
				INFOPLIST_KEY_UIUserInterfaceStyle = Light;
				LD_RUNPATH_SEARCH_PATHS = (
					"$(inherited)",
					"@executable_path/Frameworks",
				);
				MARKETING_VERSION = 1.0;
				PRODUCT_BUNDLE_IDENTIFIER = barbosa.gomes.lidiane.MazeMotion;
				PRODUCT_NAME = "$(TARGET_NAME)";
				SWIFT_EMIT_LOC_STRINGS = YES;
				SWIFT_VERSION = 5.0;
				TARGETED_DEVICE_FAMILY = "1,2";
			};
			name = Release;
		};
/* End XCBuildConfiguration section */

/* Begin XCConfigurationList section */
		AF000B502C3DCB4500DF495A /* Build configuration list for PBXProject "MazeMotion" */ = {
			isa = XCConfigurationList;
			buildConfigurations = (
				AF000B612C3DCB4600DF495A /* Debug */,
				AF000B622C3DCB4600DF495A /* Release */,
			);
			defaultConfigurationIsVisible = 0;
			defaultConfigurationName = Release;
		};
		AF000B632C3DCB4600DF495A /* Build configuration list for PBXNativeTarget "MazeMotion" */ = {
			isa = XCConfigurationList;
			buildConfigurations = (
				AF000B642C3DCB4600DF495A /* Debug */,
				AF000B652C3DCB4600DF495A /* Release */,
			);
			defaultConfigurationIsVisible = 0;
			defaultConfigurationName = Release;
		};
/* End XCConfigurationList section */
	};
	rootObject = AF000B4D2C3DCB4500DF495A /* Project object */;
}
